
Microsoft Visual Studio Solution File, Format Version 12.00
# Visual Studio Version 17
VisualStudioVersion = 17.0.31903.59
MinimumVisualStudioVersion = 10.0.40219.1
Project("{FAE04EC0-301F-11D3-BF4B-00C04F79EFBC}") = "CRM.Clients.Domain", "src/CRM.Clients.Domain/CRM.Clients.Domain.csproj", "{B6D5FB11-7450-4DCD-99B8-9B83CB6451A1}"
EndProject
Project("{FAE04EC0-301F-11D3-BF4B-00C04F79EFBC}") = "CRM.Clients.Application", "src/CRM.Clients.Application/CRM.Clients.Application.csproj", "{CD8B4AF8-BD8E-4BA8-98A4-645D05903E4E}"
EndProject
Project("{FAE04EC0-301F-11D3-BF4B-00C04F79EFBC}") = "CRM.Clients.Infrastructure", "src/CRM.Clients.Infrastructure/CRM.Clients.Infrastructure.csproj", "{A0CF8924-02CA-4131-8252-2D9A8A09D26F}"
EndProject
Project("{FAE04EC0-301F-11D3-BF4B-00C04F79EFBC}") = "CRM.Clients.Api", "src/CRM.Clients.Api/CRM.Clients.Api.csproj", "{2CDA7EB8-62D4-4A35-930A-66B33539C450}"
EndProject
Project("{2150E333-8FDC-42A3-9474-1A3956D46DE8}") = "tests", "tests", "{0AB3BF05-4346-4AA6-1389-037BE0695223}"
EndProject
Project("{FAE04EC0-301F-11D3-BF4B-00C04F79EFBC}") = "CRM.Clients.Domain.Tests", "tests\CRM.Clients.Domain.Tests\CRM.Clients.Domain.Tests.csproj", "{61C016DA-5C73-43B6-9294-4181D6DF1F2C}"
EndProject
Project("{FAE04EC0-301F-11D3-BF4B-00C04F79EFBC}") = "CRM.Clients.IntegrationTests", "tests\CRM.Clients.IntegrationTests\CRM.Clients.IntegrationTests.csproj", "{E2711A7B-8DB6-405D-B835-89F90FF92A44}"
EndProject
Global
	GlobalSection(SolutionConfigurationPlatforms) = preSolution
		Debug|Any CPU = Debug|Any CPU
		Debug|x64 = Debug|x64
		Debug|x86 = Debug|x86
		Release|Any CPU = Release|Any CPU
		Release|x64 = Release|x64
		Release|x86 = Release|x86
	EndGlobalSection
	GlobalSection(ProjectConfigurationPlatforms) = postSolution
		{B6D5FB11-7450-4DCD-99B8-9B83CB6451A1}.Debug|Any CPU.ActiveCfg = Debug|Any CPU
		{B6D5FB11-7450-4DCD-99B8-9B83CB6451A1}.Debug|Any CPU.Build.0 = Debug|Any CPU
		{B6D5FB11-7450-4DCD-99B8-9B83CB6451A1}.Debug|x64.ActiveCfg = Debug|Any CPU
		{B6D5FB11-7450-4DCD-99B8-9B83CB6451A1}.Debug|x64.Build.0 = Debug|Any CPU
		{B6D5FB11-7450-4DCD-99B8-9B83CB6451A1}.Debug|x86.ActiveCfg = Debug|Any CPU
		{B6D5FB11-7450-4DCD-99B8-9B83CB6451A1}.Debug|x86.Build.0 = Debug|Any CPU
		{B6D5FB11-7450-4DCD-99B8-9B83CB6451A1}.Release|Any CPU.ActiveCfg = Release|Any CPU
		{B6D5FB11-7450-4DCD-99B8-9B83CB6451A1}.Release|Any CPU.Build.0 = Release|Any CPU
		{B6D5FB11-7450-4DCD-99B8-9B83CB6451A1}.Release|x64.ActiveCfg = Release|Any CPU
		{B6D5FB11-7450-4DCD-99B8-9B83CB6451A1}.Release|x64.Build.0 = Release|Any CPU
		{B6D5FB11-7450-4DCD-99B8-9B83CB6451A1}.Release|x86.ActiveCfg = Release|Any CPU
		{B6D5FB11-7450-4DCD-99B8-9B83CB6451A1}.Release|x86.Build.0 = Release|Any CPU
		{CD8B4AF8-BD8E-4BA8-98A4-645D05903E4E}.Debug|Any CPU.ActiveCfg = Debug|Any CPU
		{CD8B4AF8-BD8E-4BA8-98A4-645D05903E4E}.Debug|Any CPU.Build.0 = Debug|Any CPU
		{CD8B4AF8-BD8E-4BA8-98A4-645D05903E4E}.Debug|x64.ActiveCfg = Debug|Any CPU
		{CD8B4AF8-BD8E-4BA8-98A4-645D05903E4E}.Debug|x64.Build.0 = Debug|Any CPU
		{CD8B4AF8-BD8E-4BA8-98A4-645D05903E4E}.Debug|x86.ActiveCfg = Debug|Any CPU
		{CD8B4AF8-BD8E-4BA8-98A4-645D05903E4E}.Debug|x86.Build.0 = Debug|Any CPU
		{CD8B4AF8-BD8E-4BA8-98A4-645D05903E4E}.Release|Any CPU.ActiveCfg = Release|Any CPU
		{CD8B4AF8-BD8E-4BA8-98A4-645D05903E4E}.Release|Any CPU.Build.0 = Release|Any CPU
		{CD8B4AF8-BD8E-4BA8-98A4-645D05903E4E}.Release|x64.ActiveCfg = Release|Any CPU
		{CD8B4AF8-BD8E-4BA8-98A4-645D05903E4E}.Release|x64.Build.0 = Release|Any CPU
		{CD8B4AF8-BD8E-4BA8-98A4-645D05903E4E}.Release|x86.ActiveCfg = Release|Any CPU
		{CD8B4AF8-BD8E-4BA8-98A4-645D05903E4E}.Release|x86.Build.0 = Release|Any CPU
		{A0CF8924-02CA-4131-8252-2D9A8A09D26F}.Debug|Any CPU.ActiveCfg = Debug|Any CPU
		{A0CF8924-02CA-4131-8252-2D9A8A09D26F}.Debug|Any CPU.Build.0 = Debug|Any CPU
		{A0CF8924-02CA-4131-8252-2D9A8A09D26F}.Debug|x64.ActiveCfg = Debug|Any CPU
		{A0CF8924-02CA-4131-8252-2D9A8A09D26F}.Debug|x64.Build.0 = Debug|Any CPU
		{A0CF8924-02CA-4131-8252-2D9A8A09D26F}.Debug|x86.ActiveCfg = Debug|Any CPU
		{A0CF8924-02CA-4131-8252-2D9A8A09D26F}.Debug|x86.Build.0 = Debug|Any CPU
		{A0CF8924-02CA-4131-8252-2D9A8A09D26F}.Release|Any CPU.ActiveCfg = Release|Any CPU
		{A0CF8924-02CA-4131-8252-2D9A8A09D26F}.Release|Any CPU.Build.0 = Release|Any CPU
		{A0CF8924-02CA-4131-8252-2D9A8A09D26F}.Release|x64.ActiveCfg = Release|Any CPU
		{A0CF8924-02CA-4131-8252-2D9A8A09D26F}.Release|x64.Build.0 = Release|Any CPU
		{A0CF8924-02CA-4131-8252-2D9A8A09D26F}.Release|x86.ActiveCfg = Release|Any CPU
		{A0CF8924-02CA-4131-8252-2D9A8A09D26F}.Release|x86.Build.0 = Release|Any CPU
		{2CDA7EB8-62D4-4A35-930A-66B33539C450}.Debug|Any CPU.ActiveCfg = Debug|Any CPU
		{2CDA7EB8-62D4-4A35-930A-66B33539C450}.Debug|Any CPU.Build.0 = Debug|Any CPU
		{2CDA7EB8-62D4-4A35-930A-66B33539C450}.Debug|x64.ActiveCfg = Debug|Any CPU
		{2CDA7EB8-62D4-4A35-930A-66B33539C450}.Debug|x64.Build.0 = Debug|Any CPU
		{2CDA7EB8-62D4-4A35-930A-66B33539C450}.Debug|x86.ActiveCfg = Debug|Any CPU
		{2CDA7EB8-62D4-4A35-930A-66B33539C450}.Debug|x86.Build.0 = Debug|Any CPU
		{2CDA7EB8-62D4-4A35-930A-66B33539C450}.Release|Any CPU.ActiveCfg = Release|Any CPU
		{2CDA7EB8-62D4-4A35-930A-66B33539C450}.Release|Any CPU.Build.0 = Release|Any CPU
		{2CDA7EB8-62D4-4A35-930A-66B33539C450}.Release|x64.ActiveCfg = Release|Any CPU
		{2CDA7EB8-62D4-4A35-930A-66B33539C450}.Release|x64.Build.0 = Release|Any CPU
		{2CDA7EB8-62D4-4A35-930A-66B33539C450}.Release|x86.ActiveCfg = Release|Any CPU
		{2CDA7EB8-62D4-4A35-930A-66B33539C450}.Release|x86.Build.0 = Release|Any CPU
		{61C016DA-5C73-43B6-9294-4181D6DF1F2C}.Debug|Any CPU.ActiveCfg = Debug|Any CPU
		{61C016DA-5C73-43B6-9294-4181D6DF1F2C}.Debug|Any CPU.Build.0 = Debug|Any CPU
		{61C016DA-5C73-43B6-9294-4181D6DF1F2C}.Debug|x64.ActiveCfg = Debug|Any CPU
		{61C016DA-5C73-43B6-9294-4181D6DF1F2C}.Debug|x64.Build.0 = Debug|Any CPU
		{61C016DA-5C73-43B6-9294-4181D6DF1F2C}.Debug|x86.ActiveCfg = Debug|Any CPU
		{61C016DA-5C73-43B6-9294-4181D6DF1F2C}.Debug|x86.Build.0 = Debug|Any CPU
		{61C016DA-5C73-43B6-9294-4181D6DF1F2C}.Release|Any CPU.ActiveCfg = Release|Any CPU
		{61C016DA-5C73-43B6-9294-4181D6DF1F2C}.Release|Any CPU.Build.0 = Release|Any CPU
		{61C016DA-5C73-43B6-9294-4181D6DF1F2C}.Release|x64.ActiveCfg = Release|Any CPU
		{61C016DA-5C73-43B6-9294-4181D6DF1F2C}.Release|x64.Build.0 = Release|Any CPU
		{61C016DA-5C73-43B6-9294-4181D6DF1F2C}.Release|x86.ActiveCfg = Release|Any CPU
		{61C016DA-5C73-43B6-9294-4181D6DF1F2C}.Release|x86.Build.0 = Release|Any CPU
		{E2711A7B-8DB6-405D-B835-89F90FF92A44}.Debug|Any CPU.ActiveCfg = Debug|Any CPU
		{E2711A7B-8DB6-405D-B835-89F90FF92A44}.Debug|Any CPU.Build.0 = Debug|Any CPU
		{E2711A7B-8DB6-405D-B835-89F90FF92A44}.Debug|x64.ActiveCfg = Debug|Any CPU
		{E2711A7B-8DB6-405D-B835-89F90FF92A44}.Debug|x64.Build.0 = Debug|Any CPU
		{E2711A7B-8DB6-405D-B835-89F90FF92A44}.Debug|x86.ActiveCfg = Debug|Any CPU
		{E2711A7B-8DB6-405D-B835-89F90FF92A44}.Debug|x86.Build.0 = Debug|Any CPU
		{E2711A7B-8DB6-405D-B835-89F90FF92A44}.Release|Any CPU.ActiveCfg = Release|Any CPU
		{E2711A7B-8DB6-405D-B835-89F90FF92A44}.Release|Any CPU.Build.0 = Release|Any CPU
		{E2711A7B-8DB6-405D-B835-89F90FF92A44}.Release|x64.ActiveCfg = Release|Any CPU
		{E2711A7B-8DB6-405D-B835-89F90FF92A44}.Release|x64.Build.0 = Release|Any CPU
		{E2711A7B-8DB6-405D-B835-89F90FF92A44}.Release|x86.ActiveCfg = Release|Any CPU
		{E2711A7B-8DB6-405D-B835-89F90FF92A44}.Release|x86.Build.0 = Release|Any CPU
	EndGlobalSection
	GlobalSection(SolutionProperties) = preSolution
		HideSolutionNode = FALSE
	EndGlobalSection
	GlobalSection(NestedProjects) = preSolution
		{61C016DA-5C73-43B6-9294-4181D6DF1F2C} = {0AB3BF05-4346-4AA6-1389-037BE0695223}
		{E2711A7B-8DB6-405D-B835-89F90FF92A44} = {0AB3BF05-4346-4AA6-1389-037BE0695223}
	EndGlobalSection
EndGlobal
